
Microsoft Visual Studio Solution File, Format Version 12.00
# Visual Studio Version 17
VisualStudioVersion = 17.7.34009.444
MinimumVisualStudioVersion = 10.0.40219.1
Project("{FAE04EC0-301F-11D3-BF4B-00C04F79EFBC}") = "WeekOne", "WeekOne\WeekOne.csproj", "{4190724F-C4C4-4B34-B78A-7A0EA8EE1329}"
EndProject
Global
	GlobalSection(SolutionConfigurationPlatforms) = preSolution
		Debug|Any CPU = Debug|Any CPU
		Release|Any CPU = Release|Any CPU
	EndGlobalSection
	GlobalSection(ProjectConfigurationPlatforms) = postSolution
		{4190724F-C4C4-4B34-B78A-7A0EA8EE1329}.Debug|Any CPU.ActiveCfg = Debug|Any CPU
		{4190724F-C4C4-4B34-B78A-7A0EA8EE1329}.Debug|Any CPU.Build.0 = Debug|Any CPU
		{4190724F-C4C4-4B34-B78A-7A0EA8EE1329}.Release|Any CPU.ActiveCfg = Release|Any CPU
		{4190724F-C4C4-4B34-B78A-7A0EA8EE1329}.Release|Any CPU.Build.0 = Release|Any CPU
	EndGlobalSection
	GlobalSection(SolutionProperties) = preSolution
		HideSolutionNode = FALSE
	EndGlobalSection
	GlobalSection(ExtensibilityGlobals) = postSolution
		SolutionGuid = {B94D729A-957B-4555-B1C3-E1490F034ED4}
	EndGlobalSection
EndGlobal
